
Microsoft Visual Studio Solution File, Format Version 12.00
# Visual Studio Version 16
VisualStudioVersion = 16.0.29728.190
MinimumVisualStudioVersion = 10.0.40219.1
Project("{8BC9CEB8-8B4A-11D0-8D11-00A0C91BC942}") = "ScreensaverLauncher", "ScreensaverLauncher\ScreensaverLauncher.vcxproj", "{17C61C14-D25C-46C9-99A4-2E898CD5D5C4}"
EndProject
Global
	GlobalSection(SolutionConfigurationPlatforms) = preSolution
		Debug|x64 = Debug|x64
		Debug|x86 = Debug|x86
		Release|x64 = Release|x64
		Release|x86 = Release|x86
	EndGlobalSection
	GlobalSection(ProjectConfigurationPlatforms) = postSolution
		{17C61C14-D25C-46C9-99A4-2E898CD5D5C4}.Debug|x64.ActiveCfg = Debug|x64
		{17C61C14-D25C-46C9-99A4-2E898CD5D5C4}.Debug|x64.Build.0 = Debug|x64
		{17C61C14-D25C-46C9-99A4-2E898CD5D5C4}.Debug|x86.ActiveCfg = Debug|Win32
		{17C61C14-D25C-46C9-99A4-2E898CD5D5C4}.Debug|x86.Build.0 = Debug|Win32
		{17C61C14-D25C-46C9-99A4-2E898CD5D5C4}.Release|x64.ActiveCfg = Release|x64
		{17C61C14-D25C-46C9-99A4-2E898CD5D5C4}.Release|x64.Build.0 = Release|x64
		{17C61C14-D25C-46C9-99A4-2E898CD5D5C4}.Release|x86.ActiveCfg = Release|Win32
		{17C61C14-D25C-46C9-99A4-2E898CD5D5C4}.Release|x86.Build.0 = Release|Win32
	EndGlobalSection
	GlobalSection(SolutionProperties) = preSolution
		HideSolutionNode = FALSE
	EndGlobalSection
	GlobalSection(ExtensibilityGlobals) = postSolution
		SolutionGuid = {6B4C720D-3FA3-4103-A72C-82DE4DCA95F5}
	EndGlobalSection
EndGlobal
